
Microsoft Visual Studio Solution File, Format Version 12.00
# Visual Studio Version 16
VisualStudioVersion = 16.0.29102.190
MinimumVisualStudioVersion = 10.0.40219.1
Project("{FAE04EC0-301F-11D3-BF4B-00C04F79EFBC}") = "Architect Arithmetic", "Architect Arithmetic\Architect Arithmetic.csproj", "{92204370-F601-403C-B79D-4C75A9FC94C9}"
EndProject
Global
	GlobalSection(SolutionConfigurationPlatforms) = preSolution
		Debug|Any CPU = Debug|Any CPU
		Release|Any CPU = Release|Any CPU
	EndGlobalSection
	GlobalSection(ProjectConfigurationPlatforms) = postSolution
		{92204370-F601-403C-B79D-4C75A9FC94C9}.Debug|Any CPU.ActiveCfg = Debug|Any CPU
		{92204370-F601-403C-B79D-4C75A9FC94C9}.Debug|Any CPU.Build.0 = Debug|Any CPU
		{92204370-F601-403C-B79D-4C75A9FC94C9}.Release|Any CPU.ActiveCfg = Release|Any CPU
		{92204370-F601-403C-B79D-4C75A9FC94C9}.Release|Any CPU.Build.0 = Release|Any CPU
	EndGlobalSection
	GlobalSection(SolutionProperties) = preSolution
		HideSolutionNode = FALSE
	EndGlobalSection
	GlobalSection(ExtensibilityGlobals) = postSolution
		SolutionGuid = {408BF4B3-18FE-4566-B68C-5A356DA44E5D}
	EndGlobalSection
EndGlobal
